// !$*UTF8*$!
{
	archiveVersion = 1;
	classes = {
	};
	objectVersion = 56;
	objects = {

/* Begin PBXBuildFile section */
		BB08A9CF2AE426B2003E021D /* RepositoryItem+Previews.swift in Sources */ = {isa = PBXBuildFile; fileRef = BB08A9CE2AE426B2003E021D /* RepositoryItem+Previews.swift */; };
		BB08A9D52AE43168003E021D /* RepositoryList.swift in Sources */ = {isa = PBXBuildFile; fileRef = BB08A9D42AE43168003E021D /* RepositoryList.swift */; };
		BB08A9D82AE4379A003E021D /* RepositorySearchView.swift in Sources */ = {isa = PBXBuildFile; fileRef = BB08A9D72AE4379A003E021D /* RepositorySearchView.swift */; };
		BB08A9DC2AE437DD003E021D /* RepositorySearchViewModel.swift in Sources */ = {isa = PBXBuildFile; fileRef = BB08A9DB2AE437DD003E021D /* RepositorySearchViewModel.swift */; };
		BB08A9E42AE44193003E021D /* RepositorySearchViewModelTests.swift in Sources */ = {isa = PBXBuildFile; fileRef = BB08A9E32AE44193003E021D /* RepositorySearchViewModelTests.swift */; };
		BB08A9EB2AE44589003E021D /* MockGitHubRepository.swift in Sources */ = {isa = PBXBuildFile; fileRef = BB08A9EA2AE44589003E021D /* MockGitHubRepository.swift */; };
		BB08A9F12AE45151003E021D /* ErrorAlertModifier.swift in Sources */ = {isa = PBXBuildFile; fileRef = BB08A9F02AE45151003E021D /* ErrorAlertModifier.swift */; };
		BB08A9F42AE452AF003E021D /* Binding+Extensions.swift in Sources */ = {isa = PBXBuildFile; fileRef = BB08A9F32AE452AF003E021D /* Binding+Extensions.swift */; };
		BB1C070E2AE293FA00713BC6 /* RepositoryRow.swift in Sources */ = {isa = PBXBuildFile; fileRef = BB1C070D2AE293FA00713BC6 /* RepositoryRow.swift */; };
		BB9E17EB2ADEE605004BDA2D /* RepoSearchApp.swift in Sources */ = {isa = PBXBuildFile; fileRef = BB9E17EA2ADEE605004BDA2D /* RepoSearchApp.swift */; };
		BB9E17EF2ADEE606004BDA2D /* Assets.xcassets in Resources */ = {isa = PBXBuildFile; fileRef = BB9E17EE2ADEE606004BDA2D /* Assets.xcassets */; };
		BB9E17F22ADEE606004BDA2D /* Preview Assets.xcassets in Resources */ = {isa = PBXBuildFile; fileRef = BB9E17F12ADEE606004BDA2D /* Preview Assets.xcassets */; };
		BB9E17FE2ADF011E004BDA2D /* GitHubData in Frameworks */ = {isa = PBXBuildFile; productRef = BB9E17FD2ADF011E004BDA2D /* GitHubData */; };
/* End PBXBuildFile section */

/* Begin PBXContainerItemProxy section */
		BB08A9E82AE44201003E021D /* PBXContainerItemProxy */ = {
			isa = PBXContainerItemProxy;
			containerPortal = BB9E17DF2ADEE605004BDA2D /* Project object */;
			proxyType = 1;
			remoteGlobalIDString = BB9E17E62ADEE605004BDA2D;
			remoteInfo = RepoSearch;
		};
/* End PBXContainerItemProxy section */

/* Begin PBXFileReference section */
		BB08A9CE2AE426B2003E021D /* RepositoryItem+Previews.swift */ = {isa = PBXFileReference; lastKnownFileType = sourcecode.swift; path = "RepositoryItem+Previews.swift"; sourceTree = "<group>"; };
		BB08A9D42AE43168003E021D /* RepositoryList.swift */ = {isa = PBXFileReference; lastKnownFileType = sourcecode.swift; path = RepositoryList.swift; sourceTree = "<group>"; };
		BB08A9D72AE4379A003E021D /* RepositorySearchView.swift */ = {isa = PBXFileReference; lastKnownFileType = sourcecode.swift; path = RepositorySearchView.swift; sourceTree = "<group>"; };
		BB08A9DB2AE437DD003E021D /* RepositorySearchViewModel.swift */ = {isa = PBXFileReference; lastKnownFileType = sourcecode.swift; path = RepositorySearchViewModel.swift; sourceTree = "<group>"; };
		BB08A9E12AE44193003E021D /* RepoSearchTests.xctest */ = {isa = PBXFileReference; explicitFileType = wrapper.cfbundle; includeInIndex = 0; path = RepoSearchTests.xctest; sourceTree = BUILT_PRODUCTS_DIR; };
		BB08A9E32AE44193003E021D /* RepositorySearchViewModelTests.swift */ = {isa = PBXFileReference; lastKnownFileType = sourcecode.swift; path = RepositorySearchViewModelTests.swift; sourceTree = "<group>"; };
		BB08A9EA2AE44589003E021D /* MockGitHubRepository.swift */ = {isa = PBXFileReference; lastKnownFileType = sourcecode.swift; path = MockGitHubRepository.swift; sourceTree = "<group>"; };
		BB08A9F02AE45151003E021D /* ErrorAlertModifier.swift */ = {isa = PBXFileReference; lastKnownFileType = sourcecode.swift; path = ErrorAlertModifier.swift; sourceTree = "<group>"; };
		BB08A9F32AE452AF003E021D /* Binding+Extensions.swift */ = {isa = PBXFileReference; lastKnownFileType = sourcecode.swift; path = "Binding+Extensions.swift"; sourceTree = "<group>"; };
		BB1C070D2AE293FA00713BC6 /* RepositoryRow.swift */ = {isa = PBXFileReference; lastKnownFileType = sourcecode.swift; path = RepositoryRow.swift; sourceTree = "<group>"; };
		BB9E17E72ADEE605004BDA2D /* RepoSearch.app */ = {isa = PBXFileReference; explicitFileType = wrapper.application; includeInIndex = 0; path = RepoSearch.app; sourceTree = BUILT_PRODUCTS_DIR; };
		BB9E17EA2ADEE605004BDA2D /* RepoSearchApp.swift */ = {isa = PBXFileReference; lastKnownFileType = sourcecode.swift; path = RepoSearchApp.swift; sourceTree = "<group>"; };
		BB9E17EE2ADEE606004BDA2D /* Assets.xcassets */ = {isa = PBXFileReference; lastKnownFileType = folder.assetcatalog; path = Assets.xcassets; sourceTree = "<group>"; };
		BB9E17F12ADEE606004BDA2D /* Preview Assets.xcassets */ = {isa = PBXFileReference; lastKnownFileType = folder.assetcatalog; path = "Preview Assets.xcassets"; sourceTree = "<group>"; };
		BB9E17FB2ADEEC2D004BDA2D /* GitHubData */ = {isa = PBXFileReference; lastKnownFileType = wrapper; path = GitHubData; sourceTree = "<group>"; };
/* End PBXFileReference section */

/* Begin PBXFrameworksBuildPhase section */
		BB08A9DE2AE44193003E021D /* Frameworks */ = {
			isa = PBXFrameworksBuildPhase;
			buildActionMask = 2147483647;
			files = (
			);
			runOnlyForDeploymentPostprocessing = 0;
		};
		BB9E17E42ADEE605004BDA2D /* Frameworks */ = {
			isa = PBXFrameworksBuildPhase;
			buildActionMask = 2147483647;
			files = (
				BB9E17FE2ADF011E004BDA2D /* GitHubData in Frameworks */,
			);
			runOnlyForDeploymentPostprocessing = 0;
		};
/* End PBXFrameworksBuildPhase section */

/* Begin PBXGroup section */
		BB08A9D62AE43716003E021D /* Repositories */ = {
			isa = PBXGroup;
			children = (
				BB08A9D92AE437AE003E021D /* RepositorySearch */,
			);
			path = Repositories;
			sourceTree = "<group>";
		};
		BB08A9D92AE437AE003E021D /* RepositorySearch */ = {
			isa = PBXGroup;
			children = (
				BB08A9DA2AE437BC003E021D /* Views */,
				BB08A9D72AE4379A003E021D /* RepositorySearchView.swift */,
				BB08A9DB2AE437DD003E021D /* RepositorySearchViewModel.swift */,
			);
			path = RepositorySearch;
			sourceTree = "<group>";
		};
		BB08A9DA2AE437BC003E021D /* Views */ = {
			isa = PBXGroup;
			children = (
				BB1C070D2AE293FA00713BC6 /* RepositoryRow.swift */,
				BB08A9D42AE43168003E021D /* RepositoryList.swift */,
			);
			path = Views;
			sourceTree = "<group>";
		};
		BB08A9E22AE44193003E021D /* RepoSearchTests */ = {
			isa = PBXGroup;
			children = (
				BB08A9EC2AE44741003E021D /* Mocks */,
				BB08A9E32AE44193003E021D /* RepositorySearchViewModelTests.swift */,
			);
			path = RepoSearchTests;
			sourceTree = "<group>";
		};
		BB08A9EC2AE44741003E021D /* Mocks */ = {
			isa = PBXGroup;
			children = (
				BB08A9EA2AE44589003E021D /* MockGitHubRepository.swift */,
			);
			path = Mocks;
			sourceTree = "<group>";
		};
		BB08A9ED2AE45053003E021D /* Modifiers */ = {
			isa = PBXGroup;
			children = (
				BB08A9F02AE45151003E021D /* ErrorAlertModifier.swift */,
			);
			path = Modifiers;
			sourceTree = "<group>";
		};
		BB08A9F22AE4529F003E021D /* Extensions */ = {
			isa = PBXGroup;
			children = (
				BB08A9F32AE452AF003E021D /* Binding+Extensions.swift */,
			);
			path = Extensions;
			sourceTree = "<group>";
		};
		BB1C070C2AE293D900713BC6 /* UI */ = {
			isa = PBXGroup;
			children = (
				BB08A9D62AE43716003E021D /* Repositories */,
			);
			path = UI;
			sourceTree = "<group>";
		};
		BB9E17DE2ADEE605004BDA2D = {
			isa = PBXGroup;
			children = (
				BB9E17FB2ADEEC2D004BDA2D /* GitHubData */,
				BB9E17E92ADEE605004BDA2D /* RepoSearch */,
				BB08A9E22AE44193003E021D /* RepoSearchTests */,
				BB9E17E82ADEE605004BDA2D /* Products */,
				BB9E17FC2ADF011E004BDA2D /* Frameworks */,
			);
			sourceTree = "<group>";
		};
		BB9E17E82ADEE605004BDA2D /* Products */ = {
			isa = PBXGroup;
			children = (
				BB9E17E72ADEE605004BDA2D /* RepoSearch.app */,
				BB08A9E12AE44193003E021D /* RepoSearchTests.xctest */,
			);
			name = Products;
			sourceTree = "<group>";
		};
		BB9E17E92ADEE605004BDA2D /* RepoSearch */ = {
			isa = PBXGroup;
			children = (
				BB08A9F22AE4529F003E021D /* Extensions */,
				BB08A9ED2AE45053003E021D /* Modifiers */,
				BB1C070C2AE293D900713BC6 /* UI */,
				BB9E17EA2ADEE605004BDA2D /* RepoSearchApp.swift */,
				BB9E17EE2ADEE606004BDA2D /* Assets.xcassets */,
				BB9E17F02ADEE606004BDA2D /* Preview Content */,
			);
			path = RepoSearch;
			sourceTree = "<group>";
		};
		BB9E17F02ADEE606004BDA2D /* Preview Content */ = {
			isa = PBXGroup;
			children = (
				BB9E17F12ADEE606004BDA2D /* Preview Assets.xcassets */,
				BB08A9CE2AE426B2003E021D /* RepositoryItem+Previews.swift */,
			);
			path = "Preview Content";
			sourceTree = "<group>";
		};
		BB9E17FC2ADF011E004BDA2D /* Frameworks */ = {
			isa = PBXGroup;
			children = (
			);
			name = Frameworks;
			sourceTree = "<group>";
		};
/* End PBXGroup section */

/* Begin PBXNativeTarget section */
		BB08A9E02AE44193003E021D /* RepoSearchTests */ = {
			isa = PBXNativeTarget;
			buildConfigurationList = BB08A9E52AE44193003E021D /* Build configuration list for PBXNativeTarget "RepoSearchTests" */;
			buildPhases = (
				BB08A9DD2AE44193003E021D /* Sources */,
				BB08A9DE2AE44193003E021D /* Frameworks */,
				BB08A9DF2AE44193003E021D /* Resources */,
			);
			buildRules = (
			);
			dependencies = (
				BB08A9E92AE44201003E021D /* PBXTargetDependency */,
			);
			name = RepoSearchTests;
			productName = RepoSearchTests;
			productReference = BB08A9E12AE44193003E021D /* RepoSearchTests.xctest */;
			productType = "com.apple.product-type.bundle.unit-test";
		};
		BB9E17E62ADEE605004BDA2D /* RepoSearch */ = {
			isa = PBXNativeTarget;
			buildConfigurationList = BB9E17F52ADEE606004BDA2D /* Build configuration list for PBXNativeTarget "RepoSearch" */;
			buildPhases = (
				BB9E17E32ADEE605004BDA2D /* Sources */,
				BB9E17E42ADEE605004BDA2D /* Frameworks */,
				BB9E17E52ADEE605004BDA2D /* Resources */,
			);
			buildRules = (
			);
			dependencies = (
			);
			name = RepoSearch;
			packageProductDependencies = (
				BB9E17FD2ADF011E004BDA2D /* GitHubData */,
			);
			productName = RepoSearch;
			productReference = BB9E17E72ADEE605004BDA2D /* RepoSearch.app */;
			productType = "com.apple.product-type.application";
		};
/* End PBXNativeTarget section */

/* Begin PBXProject section */
		BB9E17DF2ADEE605004BDA2D /* Project object */ = {
			isa = PBXProject;
			attributes = {
				BuildIndependentTargetsInParallel = 1;
				LastSwiftUpdateCheck = 1500;
				LastUpgradeCheck = 1500;
				TargetAttributes = {
					BB08A9E02AE44193003E021D = {
						CreatedOnToolsVersion = 15.0;
						TestTargetID = BB9E17E62ADEE605004BDA2D;
					};
					BB9E17E62ADEE605004BDA2D = {
						CreatedOnToolsVersion = 15.0;
					};
				};
			};
			buildConfigurationList = BB9E17E22ADEE605004BDA2D /* Build configuration list for PBXProject "RepoSearch" */;
			compatibilityVersion = "Xcode 14.0";
			developmentRegion = en;
			hasScannedForEncodings = 0;
			knownRegions = (
				en,
				Base,
			);
			mainGroup = BB9E17DE2ADEE605004BDA2D;
			productRefGroup = BB9E17E82ADEE605004BDA2D /* Products */;
			projectDirPath = "";
			projectRoot = "";
			targets = (
				BB9E17E62ADEE605004BDA2D /* RepoSearch */,
				BB08A9E02AE44193003E021D /* RepoSearchTests */,
			);
		};
/* End PBXProject section */

/* Begin PBXResourcesBuildPhase section */
		BB08A9DF2AE44193003E021D /* Resources */ = {
			isa = PBXResourcesBuildPhase;
			buildActionMask = 2147483647;
			files = (
			);
			runOnlyForDeploymentPostprocessing = 0;
		};
		BB9E17E52ADEE605004BDA2D /* Resources */ = {
			isa = PBXResourcesBuildPhase;
			buildActionMask = 2147483647;
			files = (
				BB9E17F22ADEE606004BDA2D /* Preview Assets.xcassets in Resources */,
				BB9E17EF2ADEE606004BDA2D /* Assets.xcassets in Resources */,
			);
			runOnlyForDeploymentPostprocessing = 0;
		};
/* End PBXResourcesBuildPhase section */

/* Begin PBXSourcesBuildPhase section */
		BB08A9DD2AE44193003E021D /* Sources */ = {
			isa = PBXSourcesBuildPhase;
			buildActionMask = 2147483647;
			files = (
				BB08A9EB2AE44589003E021D /* MockGitHubRepository.swift in Sources */,
				BB08A9E42AE44193003E021D /* RepositorySearchViewModelTests.swift in Sources */,
			);
			runOnlyForDeploymentPostprocessing = 0;
		};
		BB9E17E32ADEE605004BDA2D /* Sources */ = {
			isa = PBXSourcesBuildPhase;
			buildActionMask = 2147483647;
			files = (
				BB08A9D52AE43168003E021D /* RepositoryList.swift in Sources */,
				BB08A9F42AE452AF003E021D /* Binding+Extensions.swift in Sources */,
				BB08A9F12AE45151003E021D /* ErrorAlertModifier.swift in Sources */,
				BB1C070E2AE293FA00713BC6 /* RepositoryRow.swift in Sources */,
				BB08A9D82AE4379A003E021D /* RepositorySearchView.swift in Sources */,
				BB08A9DC2AE437DD003E021D /* RepositorySearchViewModel.swift in Sources */,
				BB9E17EB2ADEE605004BDA2D /* RepoSearchApp.swift in Sources */,
				BB08A9CF2AE426B2003E021D /* RepositoryItem+Previews.swift in Sources */,
			);
			runOnlyForDeploymentPostprocessing = 0;
		};
/* End PBXSourcesBuildPhase section */

/* Begin PBXTargetDependency section */
		BB08A9E92AE44201003E021D /* PBXTargetDependency */ = {
			isa = PBXTargetDependency;
			target = BB9E17E62ADEE605004BDA2D /* RepoSearch */;
			targetProxy = BB08A9E82AE44201003E021D /* PBXContainerItemProxy */;
		};
/* End PBXTargetDependency section */

/* Begin XCBuildConfiguration section */
		BB08A9E62AE44193003E021D /* Debug */ = {
			isa = XCBuildConfiguration;
			buildSettings = {
				BUNDLE_LOADER = "$(TEST_HOST)";
				CODE_SIGN_STYLE = Automatic;
				CURRENT_PROJECT_VERSION = 1;
				DEVELOPMENT_TEAM = QA23EPZ5C9;
				GENERATE_INFOPLIST_FILE = YES;
				MACOSX_DEPLOYMENT_TARGET = 14.0;
				MARKETING_VERSION = 1.0;
				PRODUCT_BUNDLE_IDENTIFIER = com.felfoldy.RepoSearchTests;
				PRODUCT_NAME = "$(TARGET_NAME)";
				SDKROOT = macosx;
				SUPPORTED_PLATFORMS = "iphoneos iphonesimulator";
				SUPPORTS_MACCATALYST = NO;
				SWIFT_EMIT_LOC_STRINGS = NO;
				SWIFT_VERSION = 5.0;
				TARGETED_DEVICE_FAMILY = 1;
				TEST_HOST = "$(BUILT_PRODUCTS_DIR)/RepoSearch.app/$(BUNDLE_EXECUTABLE_FOLDER_PATH)/RepoSearch";
			};
			name = Debug;
		};
		BB08A9E72AE44193003E021D /* Release */ = {
			isa = XCBuildConfiguration;
			buildSettings = {
				BUNDLE_LOADER = "$(TEST_HOST)";
				CODE_SIGN_STYLE = Automatic;
				CURRENT_PROJECT_VERSION = 1;
				DEVELOPMENT_TEAM = QA23EPZ5C9;
				GENERATE_INFOPLIST_FILE = YES;
				MACOSX_DEPLOYMENT_TARGET = 14.0;
				MARKETING_VERSION = 1.0;
				PRODUCT_BUNDLE_IDENTIFIER = com.felfoldy.RepoSearchTests;
				PRODUCT_NAME = "$(TARGET_NAME)";
				SDKROOT = macosx;
				SUPPORTED_PLATFORMS = "iphoneos iphonesimulator";
				SUPPORTS_MACCATALYST = NO;
				SWIFT_EMIT_LOC_STRINGS = NO;
				SWIFT_VERSION = 5.0;
				TARGETED_DEVICE_FAMILY = 1;
				TEST_HOST = "$(BUILT_PRODUCTS_DIR)/RepoSearch.app/$(BUNDLE_EXECUTABLE_FOLDER_PATH)/RepoSearch";
			};
			name = Release;
		};
		BB9E17F32ADEE606004BDA2D /* Debug */ = {
			isa = XCBuildConfiguration;
			buildSettings = {
				ALWAYS_SEARCH_USER_PATHS = NO;
				ASSETCATALOG_COMPILER_GENERATE_SWIFT_ASSET_SYMBOL_EXTENSIONS = YES;
				CLANG_ANALYZER_NONNULL = YES;
				CLANG_ANALYZER_NUMBER_OBJECT_CONVERSION = YES_AGGRESSIVE;
				CLANG_CXX_LANGUAGE_STANDARD = "gnu++20";
				CLANG_ENABLE_MODULES = YES;
				CLANG_ENABLE_OBJC_ARC = YES;
				CLANG_ENABLE_OBJC_WEAK = YES;
				CLANG_WARN_BLOCK_CAPTURE_AUTORELEASING = YES;
				CLANG_WARN_BOOL_CONVERSION = YES;
				CLANG_WARN_COMMA = YES;
				CLANG_WARN_CONSTANT_CONVERSION = YES;
				CLANG_WARN_DEPRECATED_OBJC_IMPLEMENTATIONS = YES;
				CLANG_WARN_DIRECT_OBJC_ISA_USAGE = YES_ERROR;
				CLANG_WARN_DOCUMENTATION_COMMENTS = YES;
				CLANG_WARN_EMPTY_BODY = YES;
				CLANG_WARN_ENUM_CONVERSION = YES;
				CLANG_WARN_INFINITE_RECURSION = YES;
				CLANG_WARN_INT_CONVERSION = YES;
				CLANG_WARN_NON_LITERAL_NULL_CONVERSION = YES;
				CLANG_WARN_OBJC_IMPLICIT_RETAIN_SELF = YES;
				CLANG_WARN_OBJC_LITERAL_CONVERSION = YES;
				CLANG_WARN_OBJC_ROOT_CLASS = YES_ERROR;
				CLANG_WARN_QUOTED_INCLUDE_IN_FRAMEWORK_HEADER = YES;
				CLANG_WARN_RANGE_LOOP_ANALYSIS = YES;
				CLANG_WARN_STRICT_PROTOTYPES = YES;
				CLANG_WARN_SUSPICIOUS_MOVE = YES;
				CLANG_WARN_UNGUARDED_AVAILABILITY = YES_AGGRESSIVE;
				CLANG_WARN_UNREACHABLE_CODE = YES;
				CLANG_WARN__DUPLICATE_METHOD_MATCH = YES;
				COPY_PHASE_STRIP = NO;
				DEBUG_INFORMATION_FORMAT = dwarf;
				ENABLE_STRICT_OBJC_MSGSEND = YES;
				ENABLE_TESTABILITY = YES;
				ENABLE_USER_SCRIPT_SANDBOXING = YES;
				GCC_C_LANGUAGE_STANDARD = gnu17;
				GCC_DYNAMIC_NO_PIC = NO;
				GCC_NO_COMMON_BLOCKS = YES;
				GCC_OPTIMIZATION_LEVEL = 0;
				GCC_PREPROCESSOR_DEFINITIONS = (
					"DEBUG=1",
					"$(inherited)",
				);
				GCC_WARN_64_TO_32_BIT_CONVERSION = YES;
				GCC_WARN_ABOUT_RETURN_TYPE = YES_ERROR;
				GCC_WARN_UNDECLARED_SELECTOR = YES;
				GCC_WARN_UNINITIALIZED_AUTOS = YES_AGGRESSIVE;
				GCC_WARN_UNUSED_FUNCTION = YES;
				GCC_WARN_UNUSED_VARIABLE = YES;
				IPHONEOS_DEPLOYMENT_TARGET = 17.0;
				LOCALIZATION_PREFERS_STRING_CATALOGS = YES;
				MTL_ENABLE_DEBUG_INFO = INCLUDE_SOURCE;
				MTL_FAST_MATH = YES;
				ONLY_ACTIVE_ARCH = YES;
				SDKROOT = iphoneos;
				SWIFT_ACTIVE_COMPILATION_CONDITIONS = "DEBUG $(inherited)";
				SWIFT_OPTIMIZATION_LEVEL = "-Onone";
			};
			name = Debug;
		};
		BB9E17F42ADEE606004BDA2D /* Release */ = {
			isa = XCBuildConfiguration;
			buildSettings = {
				ALWAYS_SEARCH_USER_PATHS = NO;
				ASSETCATALOG_COMPILER_GENERATE_SWIFT_ASSET_SYMBOL_EXTENSIONS = YES;
				CLANG_ANALYZER_NONNULL = YES;
				CLANG_ANALYZER_NUMBER_OBJECT_CONVERSION = YES_AGGRESSIVE;
				CLANG_CXX_LANGUAGE_STANDARD = "gnu++20";
				CLANG_ENABLE_MODULES = YES;
				CLANG_ENABLE_OBJC_ARC = YES;
				CLANG_ENABLE_OBJC_WEAK = YES;
				CLANG_WARN_BLOCK_CAPTURE_AUTORELEASING = YES;
				CLANG_WARN_BOOL_CONVERSION = YES;
				CLANG_WARN_COMMA = YES;
				CLANG_WARN_CONSTANT_CONVERSION = YES;
				CLANG_WARN_DEPRECATED_OBJC_IMPLEMENTATIONS = YES;
				CLANG_WARN_DIRECT_OBJC_ISA_USAGE = YES_ERROR;
				CLANG_WARN_DOCUMENTATION_COMMENTS = YES;
				CLANG_WARN_EMPTY_BODY = YES;
				CLANG_WARN_ENUM_CONVERSION = YES;
				CLANG_WARN_INFINITE_RECURSION = YES;
				CLANG_WARN_INT_CONVERSION = YES;
				CLANG_WARN_NON_LITERAL_NULL_CONVERSION = YES;
				CLANG_WARN_OBJC_IMPLICIT_RETAIN_SELF = YES;
				CLANG_WARN_OBJC_LITERAL_CONVERSION = YES;
				CLANG_WARN_OBJC_ROOT_CLASS = YES_ERROR;
				CLANG_WARN_QUOTED_INCLUDE_IN_FRAMEWORK_HEADER = YES;
				CLANG_WARN_RANGE_LOOP_ANALYSIS = YES;
				CLANG_WARN_STRICT_PROTOTYPES = YES;
				CLANG_WARN_SUSPICIOUS_MOVE = YES;
				CLANG_WARN_UNGUARDED_AVAILABILITY = YES_AGGRESSIVE;
				CLANG_WARN_UNREACHABLE_CODE = YES;
				CLANG_WARN__DUPLICATE_METHOD_MATCH = YES;
				COPY_PHASE_STRIP = NO;
				DEBUG_INFORMATION_FORMAT = "dwarf-with-dsym";
				ENABLE_NS_ASSERTIONS = NO;
				ENABLE_STRICT_OBJC_MSGSEND = YES;
				ENABLE_USER_SCRIPT_SANDBOXING = YES;
				GCC_C_LANGUAGE_STANDARD = gnu17;
				GCC_NO_COMMON_BLOCKS = YES;
				GCC_WARN_64_TO_32_BIT_CONVERSION = YES;
				GCC_WARN_ABOUT_RETURN_TYPE = YES_ERROR;
				GCC_WARN_UNDECLARED_SELECTOR = YES;
				GCC_WARN_UNINITIALIZED_AUTOS = YES_AGGRESSIVE;
				GCC_WARN_UNUSED_FUNCTION = YES;
				GCC_WARN_UNUSED_VARIABLE = YES;
				IPHONEOS_DEPLOYMENT_TARGET = 17.0;
				LOCALIZATION_PREFERS_STRING_CATALOGS = YES;
				MTL_ENABLE_DEBUG_INFO = NO;
				MTL_FAST_MATH = YES;
				SDKROOT = iphoneos;
				SWIFT_COMPILATION_MODE = wholemodule;
				VALIDATE_PRODUCT = YES;
			};
			name = Release;
		};
		BB9E17F62ADEE606004BDA2D /* Debug */ = {
			isa = XCBuildConfiguration;
			buildSettings = {
				ASSETCATALOG_COMPILER_APPICON_NAME = AppIcon;
				ASSETCATALOG_COMPILER_GLOBAL_ACCENT_COLOR_NAME = AccentColor;
				CODE_SIGN_STYLE = Automatic;
				CURRENT_PROJECT_VERSION = 1;
				DEVELOPMENT_ASSET_PATHS = "RepoSearch/Preview\\ Content";
				DEVELOPMENT_TEAM = QA23EPZ5C9;
				ENABLE_PREVIEWS = YES;
				GENERATE_INFOPLIST_FILE = YES;
				INFOPLIST_KEY_UIApplicationSceneManifest_Generation = YES;
				INFOPLIST_KEY_UIApplicationSupportsIndirectInputEvents = YES;
				INFOPLIST_KEY_UILaunchScreen_Generation = YES;
				INFOPLIST_KEY_UISupportedInterfaceOrientations_iPad = "UIInterfaceOrientationPortrait UIInterfaceOrientationPortraitUpsideDown UIInterfaceOrientationLandscapeLeft UIInterfaceOrientationLandscapeRight";
				INFOPLIST_KEY_UISupportedInterfaceOrientations_iPhone = "UIInterfaceOrientationPortrait UIInterfaceOrientationLandscapeLeft UIInterfaceOrientationLandscapeRight";
				LD_RUNPATH_SEARCH_PATHS = (
					"$(inherited)",
					"@executable_path/Frameworks",
				);
				MARKETING_VERSION = 1.0;
				PRODUCT_BUNDLE_IDENTIFIER = com.felfoldy.RepoSearch;
				PRODUCT_NAME = "$(TARGET_NAME)";
				SWIFT_EMIT_LOC_STRINGS = YES;
				SWIFT_VERSION = 5.0;
				TARGETED_DEVICE_FAMILY = "1,2";
			};
			name = Debug;
		};
		BB9E17F72ADEE606004BDA2D /* Release */ = {
			isa = XCBuildConfiguration;
			buildSettings = {
				ASSETCATALOG_COMPILER_APPICON_NAME = AppIcon;
				ASSETCATALOG_COMPILER_GLOBAL_ACCENT_COLOR_NAME = AccentColor;
				CODE_SIGN_STYLE = Automatic;
				CURRENT_PROJECT_VERSION = 1;
				DEVELOPMENT_ASSET_PATHS = "RepoSearch/Preview\\ Content";
				DEVELOPMENT_TEAM = QA23EPZ5C9;
				ENABLE_PREVIEWS = YES;
				GENERATE_INFOPLIST_FILE = YES;
				INFOPLIST_KEY_UIApplicationSceneManifest_Generation = YES;
				INFOPLIST_KEY_UIApplicationSupportsIndirectInputEvents = YES;
				INFOPLIST_KEY_UILaunchScreen_Generation = YES;
				INFOPLIST_KEY_UISupportedInterfaceOrientations_iPad = "UIInterfaceOrientationPortrait UIInterfaceOrientationPortraitUpsideDown UIInterfaceOrientationLandscapeLeft UIInterfaceOrientationLandscapeRight";
				INFOPLIST_KEY_UISupportedInterfaceOrientations_iPhone = "UIInterfaceOrientationPortrait UIInterfaceOrientationLandscapeLeft UIInterfaceOrientationLandscapeRight";
				LD_RUNPATH_SEARCH_PATHS = (
					"$(inherited)",
					"@executable_path/Frameworks",
				);
				MARKETING_VERSION = 1.0;
				PRODUCT_BUNDLE_IDENTIFIER = com.felfoldy.RepoSearch;
				PRODUCT_NAME = "$(TARGET_NAME)";
				SWIFT_EMIT_LOC_STRINGS = YES;
				SWIFT_VERSION = 5.0;
				TARGETED_DEVICE_FAMILY = "1,2";
			};
			name = Release;
		};
/* End XCBuildConfiguration section */

/* Begin XCConfigurationList section */
		BB08A9E52AE44193003E021D /* Build configuration list for PBXNativeTarget "RepoSearchTests" */ = {
			isa = XCConfigurationList;
			buildConfigurations = (
				BB08A9E62AE44193003E021D /* Debug */,
				BB08A9E72AE44193003E021D /* Release */,
			);
			defaultConfigurationIsVisible = 0;
			defaultConfigurationName = Release;
		};
		BB9E17E22ADEE605004BDA2D /* Build configuration list for PBXProject "RepoSearch" */ = {
			isa = XCConfigurationList;
			buildConfigurations = (
				BB9E17F32ADEE606004BDA2D /* Debug */,
				BB9E17F42ADEE606004BDA2D /* Release */,
			);
			defaultConfigurationIsVisible = 0;
			defaultConfigurationName = Release;
		};
		BB9E17F52ADEE606004BDA2D /* Build configuration list for PBXNativeTarget "RepoSearch" */ = {
			isa = XCConfigurationList;
			buildConfigurations = (
				BB9E17F62ADEE606004BDA2D /* Debug */,
				BB9E17F72ADEE606004BDA2D /* Release */,
			);
			defaultConfigurationIsVisible = 0;
			defaultConfigurationName = Release;
		};
/* End XCConfigurationList section */

/* Begin XCSwiftPackageProductDependency section */
		BB9E17FD2ADF011E004BDA2D /* GitHubData */ = {
			isa = XCSwiftPackageProductDependency;
			productName = GitHubData;
		};
/* End XCSwiftPackageProductDependency section */
	};
	rootObject = BB9E17DF2ADEE605004BDA2D /* Project object */;
}
